
Microsoft Visual Studio Solution File, Format Version 12.00
# Visual Studio 2012
Project("{FAE04EC0-301F-11D3-BF4B-00C04F79EFBC}") = "HXMail", "HXMail\HXMail.csproj", "{6A8D8A6D-9389-45FC-9E0A-E0CC28825ACB}"
EndProject
Project("{FAE04EC0-301F-11D3-BF4B-00C04F79EFBC}") = "HMail", "HMail\HMail.csproj", "{CF99F31C-4EF9-43BC-B531-D3747BF9CD12}"
EndProject
Project("{FAE04EC0-301F-11D3-BF4B-00C04F79EFBC}") = "HXMail.DAL", "HXMail.DAL\HXMail.DAL.csproj", "{C7C6AD9E-A89B-4B09-8AB7-F23A790BFBF5}"
EndProject
Project("{FAE04EC0-301F-11D3-BF4B-00C04F79EFBC}") = "HXMail.Model", "HXMail.Model\HXMail.Model.csproj", "{D86EA530-422E-447E-AE75-E752F67B3830}"
EndProject
Project("{FAE04EC0-301F-11D3-BF4B-00C04F79EFBC}") = "HXMail.BLL", "HXMail.BLL\HXMail.BLL.csproj", "{D4063C1A-04D0-4731-AC4B-6C3E4B1A4D85}"
EndProject
Project("{FAE04EC0-301F-11D3-BF4B-00C04F79EFBC}") = "HXMail.Common", "HXMail.Common\HXMail.Common.csproj", "{033C1CB1-FE8A-4AAB-AA6D-FB5492826345}"
EndProject
Project("{FAE04EC0-301F-11D3-BF4B-00C04F79EFBC}") = "HXMail.IBLL", "HXMail.IBLL\HXMail.IBLL.csproj", "{0536ED0B-EFE5-4071-B017-6FCDF88C5C59}"
EndProject
Project("{FAE04EC0-301F-11D3-BF4B-00C04F79EFBC}") = "HMConvert", "ConvertModel\HMConvert.csproj", "{1994993C-DA79-4119-91B3-72AA27CC870F}"
EndProject
Global
	GlobalSection(SolutionConfigurationPlatforms) = preSolution
		Debug|Any CPU = Debug|Any CPU
		Debug|x86 = Debug|x86
		Release|Any CPU = Release|Any CPU
		Release|x86 = Release|x86
	EndGlobalSection
	GlobalSection(ProjectConfigurationPlatforms) = postSolution
		{6A8D8A6D-9389-45FC-9E0A-E0CC28825ACB}.Debug|Any CPU.ActiveCfg = Debug|Any CPU
		{6A8D8A6D-9389-45FC-9E0A-E0CC28825ACB}.Debug|Any CPU.Build.0 = Debug|Any CPU
		{6A8D8A6D-9389-45FC-9E0A-E0CC28825ACB}.Debug|x86.ActiveCfg = Debug|Any CPU
		{6A8D8A6D-9389-45FC-9E0A-E0CC28825ACB}.Debug|x86.Build.0 = Debug|Any CPU
		{6A8D8A6D-9389-45FC-9E0A-E0CC28825ACB}.Release|Any CPU.ActiveCfg = Release|Any CPU
		{6A8D8A6D-9389-45FC-9E0A-E0CC28825ACB}.Release|Any CPU.Build.0 = Release|Any CPU
		{6A8D8A6D-9389-45FC-9E0A-E0CC28825ACB}.Release|x86.ActiveCfg = Release|Any CPU
		{CF99F31C-4EF9-43BC-B531-D3747BF9CD12}.Debug|Any CPU.ActiveCfg = Debug|Any CPU
		{CF99F31C-4EF9-43BC-B531-D3747BF9CD12}.Debug|Any CPU.Build.0 = Debug|Any CPU
		{CF99F31C-4EF9-43BC-B531-D3747BF9CD12}.Debug|x86.ActiveCfg = Debug|Any CPU
		{CF99F31C-4EF9-43BC-B531-D3747BF9CD12}.Debug|x86.Build.0 = Debug|Any CPU
		{CF99F31C-4EF9-43BC-B531-D3747BF9CD12}.Release|Any CPU.ActiveCfg = Release|Any CPU
		{CF99F31C-4EF9-43BC-B531-D3747BF9CD12}.Release|Any CPU.Build.0 = Release|Any CPU
		{CF99F31C-4EF9-43BC-B531-D3747BF9CD12}.Release|x86.ActiveCfg = Release|Any CPU
		{C7C6AD9E-A89B-4B09-8AB7-F23A790BFBF5}.Debug|Any CPU.ActiveCfg = Debug|Any CPU
		{C7C6AD9E-A89B-4B09-8AB7-F23A790BFBF5}.Debug|Any CPU.Build.0 = Debug|Any CPU
		{C7C6AD9E-A89B-4B09-8AB7-F23A790BFBF5}.Debug|x86.ActiveCfg = Debug|Any CPU
		{C7C6AD9E-A89B-4B09-8AB7-F23A790BFBF5}.Debug|x86.Build.0 = Debug|Any CPU
		{C7C6AD9E-A89B-4B09-8AB7-F23A790BFBF5}.Release|Any CPU.ActiveCfg = Release|Any CPU
		{C7C6AD9E-A89B-4B09-8AB7-F23A790BFBF5}.Release|Any CPU.Build.0 = Release|Any CPU
		{C7C6AD9E-A89B-4B09-8AB7-F23A790BFBF5}.Release|x86.ActiveCfg = Release|x86
		{C7C6AD9E-A89B-4B09-8AB7-F23A790BFBF5}.Release|x86.Build.0 = Release|x86
		{D86EA530-422E-447E-AE75-E752F67B3830}.Debug|Any CPU.ActiveCfg = Debug|Any CPU
		{D86EA530-422E-447E-AE75-E752F67B3830}.Debug|Any CPU.Build.0 = Debug|Any CPU
		{D86EA530-422E-447E-AE75-E752F67B3830}.Debug|x86.ActiveCfg = Debug|Any CPU
		{D86EA530-422E-447E-AE75-E752F67B3830}.Debug|x86.Build.0 = Debug|Any CPU
		{D86EA530-422E-447E-AE75-E752F67B3830}.Release|Any CPU.ActiveCfg = Release|Any CPU
		{D86EA530-422E-447E-AE75-E752F67B3830}.Release|Any CPU.Build.0 = Release|Any CPU
		{D86EA530-422E-447E-AE75-E752F67B3830}.Release|x86.ActiveCfg = Release|Any CPU
		{D4063C1A-04D0-4731-AC4B-6C3E4B1A4D85}.Debug|Any CPU.ActiveCfg = Debug|Any CPU
		{D4063C1A-04D0-4731-AC4B-6C3E4B1A4D85}.Debug|Any CPU.Build.0 = Debug|Any CPU
		{D4063C1A-04D0-4731-AC4B-6C3E4B1A4D85}.Debug|x86.ActiveCfg = Debug|Any CPU
		{D4063C1A-04D0-4731-AC4B-6C3E4B1A4D85}.Debug|x86.Build.0 = Debug|Any CPU
		{D4063C1A-04D0-4731-AC4B-6C3E4B1A4D85}.Release|Any CPU.ActiveCfg = Release|Any CPU
		{D4063C1A-04D0-4731-AC4B-6C3E4B1A4D85}.Release|Any CPU.Build.0 = Release|Any CPU
		{D4063C1A-04D0-4731-AC4B-6C3E4B1A4D85}.Release|x86.ActiveCfg = Release|Any CPU
		{033C1CB1-FE8A-4AAB-AA6D-FB5492826345}.Debug|Any CPU.ActiveCfg = Debug|Any CPU
		{033C1CB1-FE8A-4AAB-AA6D-FB5492826345}.Debug|Any CPU.Build.0 = Debug|Any CPU
		{033C1CB1-FE8A-4AAB-AA6D-FB5492826345}.Debug|x86.ActiveCfg = Debug|Any CPU
		{033C1CB1-FE8A-4AAB-AA6D-FB5492826345}.Debug|x86.Build.0 = Debug|Any CPU
		{033C1CB1-FE8A-4AAB-AA6D-FB5492826345}.Release|Any CPU.ActiveCfg = Release|Any CPU
		{033C1CB1-FE8A-4AAB-AA6D-FB5492826345}.Release|Any CPU.Build.0 = Release|Any CPU
		{033C1CB1-FE8A-4AAB-AA6D-FB5492826345}.Release|x86.ActiveCfg = Release|Any CPU
		{0536ED0B-EFE5-4071-B017-6FCDF88C5C59}.Debug|Any CPU.ActiveCfg = Debug|Any CPU
		{0536ED0B-EFE5-4071-B017-6FCDF88C5C59}.Debug|Any CPU.Build.0 = Debug|Any CPU
		{0536ED0B-EFE5-4071-B017-6FCDF88C5C59}.Debug|x86.ActiveCfg = Debug|Any CPU
		{0536ED0B-EFE5-4071-B017-6FCDF88C5C59}.Debug|x86.Build.0 = Debug|Any CPU
		{0536ED0B-EFE5-4071-B017-6FCDF88C5C59}.Release|Any CPU.ActiveCfg = Release|Any CPU
		{0536ED0B-EFE5-4071-B017-6FCDF88C5C59}.Release|Any CPU.Build.0 = Release|Any CPU
		{0536ED0B-EFE5-4071-B017-6FCDF88C5C59}.Release|x86.ActiveCfg = Release|Any CPU
		{1994993C-DA79-4119-91B3-72AA27CC870F}.Debug|Any CPU.ActiveCfg = Debug|Any CPU
		{1994993C-DA79-4119-91B3-72AA27CC870F}.Debug|Any CPU.Build.0 = Debug|Any CPU
		{1994993C-DA79-4119-91B3-72AA27CC870F}.Debug|x86.ActiveCfg = Debug|Any CPU
		{1994993C-DA79-4119-91B3-72AA27CC870F}.Debug|x86.Build.0 = Debug|Any CPU
		{1994993C-DA79-4119-91B3-72AA27CC870F}.Release|Any CPU.ActiveCfg = Release|Any CPU
		{1994993C-DA79-4119-91B3-72AA27CC870F}.Release|Any CPU.Build.0 = Release|Any CPU
		{1994993C-DA79-4119-91B3-72AA27CC870F}.Release|x86.ActiveCfg = Release|Any CPU
	EndGlobalSection
	GlobalSection(SolutionProperties) = preSolution
		HideSolutionNode = FALSE
	EndGlobalSection
EndGlobal
